---
ID: "29fd12f7-b09f-4220-8959-abec8ffe75e9"
Parent: "94273be8-60cf-4e1f-89e8-fd603ebb8217"
Template: "ff620970-7f18-43d0-a140-d85756ab9f92"
Path: /sitecore/content/Sites/main/Data/Headers/Header/Components/Page Content/Content Block
Languages:
- Language: en
  Versions:
  - Version: 1
    Fields:
    - ID: "25bed78c-4957-4165-998a-ca1b52f67497"
      Hint: __Created
      Value: 20241210T163945Z
    - ID: "52807595-0f8f-4b20-8d2a-cb71d28c6103"
      Hint: __Owner
      Value: |
        sitecore\jflores@getfishtank.ca
    - ID: "5dd74568-4d4b-44c1-b513-0af5f4cda34f"
      Hint: __Created by
      Value: |
        sitecore\jflores@getfishtank.ca
    - ID: "8cdc337e-a112-42fb-bbb4-4143751e123f"
      Hint: __Revision
      Value: "3cc352cf-d84c-46a2-a386-99475be4a76a"
    - ID: "badd9cf9-53e0-4d0c-bcc0-2d784c282f6a"
      Hint: __Updated by
      Value: |
        sitecore\jflheureux@getfishtank.ca
    - ID: "c3c96bdc-1256-42a3-935f-6870e85eefe8"
      Hint: link
      Value: |
        <link text="Content Block" anchor="" linktype="internal" class="" title="" target="" querystring="" id="{6D4D67D5-4A84-4CD2-9854-EFE757F89CE9}" />
    - ID: "d9cf14b1-fa16-4ba6-9288-e8a174d4d522"
      Hint: __Updated
      Value: 20250724T153528Z
- Language: "fr-CA"
  Versions:
  - Version: 1
    Fields:
    - ID: "25bed78c-4957-4165-998a-ca1b52f67497"
      Hint: __Created
      Value: 20251009T161202Z
    - ID: "52807595-0f8f-4b20-8d2a-cb71d28c6103"
      Hint: __Owner
      Value: |
        sitecore\aqin@getfishtank.ca
    - ID: "5dd74568-4d4b-44c1-b513-0af5f4cda34f"
      Hint: __Created by
      Value: |
        sitecore\aqin@getfishtank.ca
    - ID: "8cdc337e-a112-42fb-bbb4-4143751e123f"
      Hint: __Revision
      Value: "f954ae98-9d73-40c5-b914-bfc97d6ee4ce"
    - ID: "badd9cf9-53e0-4d0c-bcc0-2d784c282f6a"
      Hint: __Updated by
      Value: |
        sitecore\aqin@getfishtank.ca
    - ID: "d9cf14b1-fa16-4ba6-9288-e8a174d4d522"
      Hint: __Updated
      Value: 20251009T161202Z
