---
ID: "865ac789-115f-4d7d-a62a-95afca0dc4f4"
Parent: "94273be8-60cf-4e1f-89e8-fd603ebb8217"
Template: "ff620970-7f18-43d0-a140-d85756ab9f92"
Path: /sitecore/content/Sites/main/Data/Headers/Header/Components/Page Content/CTA Block
Languages:
- Language: en
  Versions:
  - Version: 1
    Fields:
    - ID: "25bed78c-4957-4165-998a-ca1b52f67497"
      Hint: __Created
      Value: 20241210T163945Z
    - ID: "52807595-0f8f-4b20-8d2a-cb71d28c6103"
      Hint: __Owner
      Value: |
        sitecore\jflores@getfishtank.ca
    - ID: "5dd74568-4d4b-44c1-b513-0af5f4cda34f"
      Hint: __Created by
      Value: |
        sitecore\jflores@getfishtank.ca
    - ID: "8cdc337e-a112-42fb-bbb4-4143751e123f"
      Hint: __Revision
      Value: "d7634a39-4ff5-4b94-bf66-05250b634032"
    - ID: "badd9cf9-53e0-4d0c-bcc0-2d784c282f6a"
      Hint: __Updated by
      Value: |
        sitecore\jflheureux@getfishtank.ca
    - ID: "c3c96bdc-1256-42a3-935f-6870e85eefe8"
      Hint: link
      Value: |
        <link text="CTA Block" anchor="" linktype="internal" class="" title="" target="" querystring="" id="{687883DD-AB25-46A4-97AE-FDEA0D872C6B}" />
    - ID: "d9cf14b1-fa16-4ba6-9288-e8a174d4d522"
      Hint: __Updated
      Value: 20250724T153537Z
- Language: "fr-CA"
  Versions:
  - Version: 1
    Fields:
    - ID: "25bed78c-4957-4165-998a-ca1b52f67497"
      Hint: __Created
      Value: 20251009T161204Z
    - ID: "52807595-0f8f-4b20-8d2a-cb71d28c6103"
      Hint: __Owner
      Value: |
        sitecore\aqin@getfishtank.ca
    - ID: "5dd74568-4d4b-44c1-b513-0af5f4cda34f"
      Hint: __Created by
      Value: |
        sitecore\aqin@getfishtank.ca
    - ID: "8cdc337e-a112-42fb-bbb4-4143751e123f"
      Hint: __Revision
      Value: "8956a7f2-355a-45e5-930c-cbcb6a703e9e"
    - ID: "badd9cf9-53e0-4d0c-bcc0-2d784c282f6a"
      Hint: __Updated by
      Value: |
        sitecore\aqin@getfishtank.ca
    - ID: "d9cf14b1-fa16-4ba6-9288-e8a174d4d522"
      Hint: __Updated
      Value: 20251009T161204Z
