---
ID: "66569dfc-30f1-4878-991d-0fd182e3346c"
Parent: "92d10b53-99f8-4405-b2b3-434760c20b85"
Template: "ab86861a-6030-46c5-b394-e8f99e8b87db"
Path: /sitecore/templates/Feature/Common/Page Content/ContentBlock/ContentBlock
SharedFields:
- ID: "06d5295c-ed2f-4a54-9bf2-26228d113318"
  Hint: __Icon
  Value: applications/32x32/window_information.png
- ID: "12c33f3f-86c5-43a5-aeb4-5598cec45116"
  Hint: __Base template
  Value: |
    {1930BBEB-7805-471A-A3BE-4858AC7CF696}
    {2975609A-F5B5-4787-9B31-24834B91190A}
    {DE67D0F7-D9D5-44F1-8AEA-62997BC8B1CE}
    {17E969DB-CEE8-468D-BD7F-5245D6F9292C}
- ID: "dbbbeca1-21c7-4906-9dd2-493c1efa59a2"
  Hint: __Shared revision
  Value: "c4c94d89-f916-4e2f-8800-98ce68aa468d"
- ID: "f7d48a55-2158-4f02-9356-756654404f73"
  Hint: __Standard values
  Value: "{BA8D4D66-E22C-4EC7-A225-019B9B38AC09}"
Languages:
- Language: en
  Versions:
  - Version: 1
    Fields:
    - ID: "25bed78c-4957-4165-998a-ca1b52f67497"
      Hint: __Created
      Value: 20241029T201432Z
    - ID: "52807595-0f8f-4b20-8d2a-cb71d28c6103"
      Hint: __Owner
      Value: |
        sitecore\jflores@getfishtank.ca
    - ID: "5dd74568-4d4b-44c1-b513-0af5f4cda34f"
      Hint: __Created by
      Value: |
        sitecore\jflores@getfishtank.ca
    - ID: "8cdc337e-a112-42fb-bbb4-4143751e123f"
      Hint: __Revision
      Value: "6da7d399-0fec-492f-9358-f3a598db5490"
    - ID: "badd9cf9-53e0-4d0c-bcc0-2d784c282f6a"
      Hint: __Updated by
      Value: |
        sitecore\athomas@getfishtank.ca
    - ID: "d9cf14b1-fa16-4ba6-9288-e8a174d4d522"
      Hint: __Updated
      Value: 20250609T202420Z
