---
ID: "8c914279-4a11-4de7-a6bc-ef0c9d9d253a"
Parent: "246bb10b-d619-4b32-bd0e-00530f1cf3af"
Template: "04646a89-996f-4ee7-878a-ffdbf1f0ef0d"
Path: /sitecore/layout/Renderings/Feature/Common/Page Content/ContentBlock
SharedFields:
- ID: "037fe404-dd19-4bf7-8e30-4dadf68b27b0"
  Hint: componentName
  Value: ContentBlock
- ID: "069a8361-b1cd-437c-8c32-a3be78941446"
  Hint: Placeholders
  Value: "{6A6346EB-8BAB-420E-8F97-8B52CEF208AE}"
- ID: "06d5295c-ed2f-4a54-9bf2-26228d113318"
  Hint: __Icon
  Value: Applications/32x32/window_information.png
- ID: "1a7c85e5-dc0b-490d-9187-bb1dbcb4c72f"
  Hint: Datasource Template
  Value: /sitecore/templates/Feature/Common/Page Content/ContentBlock/ContentBlock
- ID: "a77e8568-1ab3-44f1-a664-b7c37ec7810d"
  Hint: Parameters Template
  Value: "{8159FECF-A8C8-4202-8873-C6200F5960FE}"
- ID: "b5b27af1-25ef-405c-87ce-369b3a004016"
  Hint: Datasource Location
  Value: "query:$site/*[@@name='Data']/*[@@templatename='ContentBlock Folder']|query:$sharedSites/*[@@name='Data']/*[@@templatename='ContentBlock Folder']"
- ID: "ba3f86a2-4a1c-4d78-b63d-91c2779c1b5e"
  Hint: __Sortorder
  Value: 100
- ID: "dbbbeca1-21c7-4906-9dd2-493c1efa59a2"
  Hint: __Shared revision
  Value: "24450407-f1ef-40d2-8ca9-5b07aa97bc78"
- ID: "e829c217-5e94-4306-9c48-2634b094fdc2"
  Hint: OtherProperties
  Value: IsRenderingsWithDynamicPlaceholders=true&IsAutoDatasourceRendering=true
Languages:
- Language: en
  Versions:
  - Version: 1
    Fields:
    - ID: "25bed78c-4957-4165-998a-ca1b52f67497"
      Hint: __Created
      Value: 20241031T204656Z
    - ID: "52807595-0f8f-4b20-8d2a-cb71d28c6103"
      Hint: __Owner
      Value: |
        sitecore\edimech@getfishtank.ca
    - ID: "5dd74568-4d4b-44c1-b513-0af5f4cda34f"
      Hint: __Created by
      Value: |
        sitecore\edimech@getfishtank.ca
    - ID: "8cdc337e-a112-42fb-bbb4-4143751e123f"
      Hint: __Revision
      Value: "77c2c67e-3ddc-4ea2-ab1f-5c1cf718b6aa"
    - ID: "badd9cf9-53e0-4d0c-bcc0-2d784c282f6a"
      Hint: __Updated by
      Value: |
        sitecore\jflheureux@getfishtank.ca
    - ID: "d9cf14b1-fa16-4ba6-9288-e8a174d4d522"
      Hint: __Updated
      Value: 20250724T131227Z
